<?xml version="1.0" encoding="utf-8"?>
<Project ToolsVersion="4.0" xmlns="http://schemas.microsoft.com/developer/msbuild/2003">
  <ItemGroup>
    <Filter Include="Global to All Extensions">
      <UniqueIdentifier>{2f2987a7-e80a-4858-ada9-cc257cdada00}</UniqueIdentifier>
    </Filter>
    <Filter Include="Global to All Extensions\Edif">
      <UniqueIdentifier>{187fb9d6-9e49-489c-b9e8-a933212aff49}</UniqueIdentifier>
    </Filter>
    <Filter Include="Global to All Extensions\Edif\json">
      <UniqueIdentifier>{343d78a4-26f2-421a-aaf4-60d9cd560080}</UniqueIdentifier>
    </Filter>
    <Filter Include="Global to All Extensions\Edif\Riggs">
      <UniqueIdentifier>{cd4e03ba-2d8b-4bd6-a680-fb7550b15e72}</UniqueIdentifier>
    </Filter>
    <Filter Include="Global to All Extensions\Fusion SDK">
      <UniqueIdentifier>{61e65ed1-83c8-4a25-8f07-fec01e952a99}</UniqueIdentifier>
    </Filter>
    <Filter Include="This Extension">
      <UniqueIdentifier>{11227bd0-77c9-4d0c-8fec-69a9456c064f}</UniqueIdentifier>
    </Filter>
    <Filter Include="This Extension\Edittime">
      <UniqueIdentifier>{90bc3fe8-d446-4fdb-b429-be33a75f253c}</UniqueIdentifier>
    </Filter>
    <Filter Include="This Extension\General">
      <UniqueIdentifier>{5623edff-2f18-496b-acd6-3401edf475b7}</UniqueIdentifier>
    </Filter>
    <Filter Include="This Extension\Resource Files">
      <UniqueIdentifier>{e7feb950-1a6f-4ae0-bef7-6c7e2f50db95}</UniqueIdentifier>
    </Filter>
    <Filter Include="This Extension\Runtime">
      <UniqueIdentifier>{a6e4a40f-2b93-4e5d-8d54-66a39bb084f3}</UniqueIdentifier>
    </Filter>
    <Filter Include="This Extension\The Extension Class">
      <UniqueIdentifier>{aa6d4c30-b593-47da-80aa-802a1f1cef4d}</UniqueIdentifier>
    </Filter>
  </ItemGroup>
  <ItemGroup>
    <ClInclude Include="..\..\Inc\json.h">
      <Filter>Global to All Extensions\Edif\json</Filter>
    </ClInclude>
    <ClInclude Include="..\..\Inc\ObjectSelection.h">
      <Filter>Global to All Extensions\Edif\Riggs</Filter>
    </ClInclude>
    <ClInclude Include="..\..\Inc\Edif.h">
      <Filter>Global to All Extensions\Edif</Filter>
    </ClInclude>
    <ClInclude Include="..\..\Inc\BlitMac.h">
      <Filter>Global to All Extensions\Fusion SDK</Filter>
    </ClInclude>
    <ClInclude Include="..\..\Inc\Ccx.h">
      <Filter>Global to All Extensions\Fusion SDK</Filter>
    </ClInclude>
    <ClInclude Include="..\..\Inc\Ccxhdr.h">
      <Filter>Global to All Extensions\Fusion SDK</Filter>
    </ClInclude>
    <ClInclude Include="..\..\Inc\CfcError.h">
      <Filter>Global to All Extensions\Fusion SDK</Filter>
    </ClInclude>
    <ClInclude Include="..\..\Inc\CfcFile.h">
      <Filter>Global to All Extensions\Fusion SDK</Filter>
    </ClInclude>
    <ClInclude Include="..\..\Inc\CFCMacro.h">
      <Filter>Global to All Extensions\Fusion SDK</Filter>
    </ClInclude>
    <ClInclude Include="..\..\Inc\Cncf.h">
      <Filter>Global to All Extensions\Fusion SDK</Filter>
    </ClInclude>
    <ClInclude Include="..\..\Inc\cncr.h">
      <Filter>Global to All Extensions\Fusion SDK</Filter>
    </ClInclude>
    <ClInclude Include="..\..\Inc\Cncy.h">
      <Filter>Global to All Extensions\Fusion SDK</Filter>
    </ClInclude>
    <ClInclude Include="..\..\Inc\Cnpdll.h">
      <Filter>Global to All Extensions\Fusion SDK</Filter>
    </ClInclude>
    <ClInclude Include="..\..\Inc\colors.h">
      <Filter>Global to All Extensions\Fusion SDK</Filter>
    </ClInclude>
    <ClInclude Include="..\..\Inc\D3dSurfInfo.h">
      <Filter>Global to All Extensions\Fusion SDK</Filter>
    </ClInclude>
    <ClInclude Include="..\..\Inc\EVTCCX.H">
      <Filter>Global to All Extensions\Fusion SDK</Filter>
    </ClInclude>
    <ClInclude Include="..\..\Inc\Fill.h">
      <Filter>Global to All Extensions\Fusion SDK</Filter>
    </ClInclude>
    <ClInclude Include="..\..\Inc\FilterMgr.h">
      <Filter>Global to All Extensions\Fusion SDK</Filter>
    </ClInclude>
    <ClInclude Include="..\..\Inc\GlobalPCH.h">
      <Filter>Global to All Extensions\Fusion SDK</Filter>
    </ClInclude>
    <ClInclude Include="..\..\Inc\ImageFlt.h">
      <Filter>Global to All Extensions\Fusion SDK</Filter>
    </ClInclude>
    <ClInclude Include="..\..\Inc\ImgFlt.h">
      <Filter>Global to All Extensions\Fusion SDK</Filter>
    </ClInclude>
    <ClInclude Include="..\..\Inc\ImgFltDefs.h">
      <Filter>Global to All Extensions\Fusion SDK</Filter>
    </ClInclude>
    <ClInclude Include="..\..\Inc\Mvt.h">
      <Filter>Global to All Extensions\Fusion SDK</Filter>
    </ClInclude>
    <ClInclude Include="..\..\Inc\Palet.h">
      <Filter>Global to All Extensions\Fusion SDK</Filter>
    </ClInclude>
    <ClInclude Include="..\..\Inc\PaletCpp.h">
      <Filter>Global to All Extensions\Fusion SDK</Filter>
    </ClInclude>
    <ClInclude Include="..\..\Inc\Patch.h">
      <Filter>Global to All Extensions\Fusion SDK</Filter>
    </ClInclude>
    <ClInclude Include="..\..\Inc\PictEdDefs.h">
      <Filter>Global to All Extensions\Fusion SDK</Filter>
    </ClInclude>
    <ClInclude Include="..\..\Inc\Props.h">
      <Filter>Global to All Extensions\Fusion SDK</Filter>
    </ClInclude>
    <ClInclude Include="..\..\Inc\PTYPE.H">
      <Filter>Global to All Extensions\Fusion SDK</Filter>
    </ClInclude>
    <ClInclude Include="..\..\Inc\SndDefs.h">
      <Filter>Global to All Extensions\Fusion SDK</Filter>
    </ClInclude>
    <ClInclude Include="..\..\Inc\SoundConverter.h">
      <Filter>Global to All Extensions\Fusion SDK</Filter>
    </ClInclude>
    <ClInclude Include="..\..\Inc\SoundError.h">
      <Filter>Global to All Extensions\Fusion SDK</Filter>
    </ClInclude>
    <ClInclude Include="..\..\Inc\SoundFilter.h">
      <Filter>Global to All Extensions\Fusion SDK</Filter>
    </ClInclude>
    <ClInclude Include="..\..\Inc\SoundFilterMgr.h">
      <Filter>Global to All Extensions\Fusion SDK</Filter>
    </ClInclude>
    <ClInclude Include="..\..\Inc\StdDefs.h">
      <Filter>Global to All Extensions\Fusion SDK</Filter>
    </ClInclude>
    <ClInclude Include="..\..\Inc\Surface.h">
      <Filter>Global to All Extensions\Fusion SDK</Filter>
    </ClInclude>
    <ClInclude Include="..\..\Inc\SurfaceDefs.h">
      <Filter>Global to All Extensions\Fusion SDK</Filter>
    </ClInclude>
    <ClInclude Include="..\..\Inc\TigsExt.hpp">
      <Filter>Global to All Extensions\Fusion SDK</Filter>
    </ClInclude>
    <ClInclude Include="..\..\Inc\WinMacro.h">
      <Filter>Global to All Extensions\Fusion SDK</Filter>
    </ClInclude>
    <ClInclude Include="..\..\Inc\EDStream.hpp">
      <Filter>Global to All Extensions</Filter>
    </ClInclude>
    <ClInclude Include="EditData.hpp">
      <Filter>This Extension\Edittime</Filter>
    </ClInclude>
    <ClInclude Include="Common.h">
      <Filter>This Extension\General</Filter>
    </ClInclude>
    <ClInclude Include="Resource.h">
      <Filter>This Extension\Resource Files</Filter>
    </ClInclude>
    <ClInclude Include="Extension.hpp">
      <Filter>This Extension\The Extension Class</Filter>
    </ClInclude>
  </ItemGroup>
  <ItemGroup>
    <ClCompile Include="..\..\Lib\json.c">
      <Filter>Global to All Extensions\Edif\json</Filter>
    </ClCompile>
    <ClCompile Include="..\..\Lib\ObjectSelection.cpp">
      <Filter>Global to All Extensions\Edif\Riggs</Filter>
    </ClCompile>
    <ClCompile Include="..\..\Lib\Edif.cpp">
      <Filter>Global to All Extensions\Edif</Filter>
    </ClCompile>
    <ClCompile Include="..\..\Lib\Edif.General.cpp">
      <Filter>Global to All Extensions\Edif</Filter>
    </ClCompile>
    <ClCompile Include="..\..\Lib\Edif.Edittime.cpp">
      <Filter>Global to All Extensions\Edif</Filter>
    </ClCompile>
    <ClCompile Include="..\..\Lib\Edif.Runtime.cpp">
      <Filter>Global to All Extensions\Edif</Filter>
    </ClCompile>
    <ClCompile Include="CustomParams.cpp">
      <Filter>This Extension\Edittime</Filter>
    </ClCompile>
    <ClCompile Include="Edittime.cpp">
      <Filter>This Extension\Edittime</Filter>
    </ClCompile>
    <ClCompile Include="Properties.cpp">
      <Filter>This Extension\Edittime</Filter>
    </ClCompile>
    <ClCompile Include="TextProps.cpp">
      <Filter>This Extension\Edittime</Filter>
    </ClCompile>
    <ClCompile Include="General.cpp">
      <Filter>This Extension\General</Filter>
    </ClCompile>
    <ClCompile Include="Debugger.cpp">
      <Filter>This Extension\Runtime</Filter>
    </ClCompile>
    <ClCompile Include="Runtime.cpp">
      <Filter>This Extension\Runtime</Filter>
    </ClCompile>
    <ClCompile Include="Text.cpp">
      <Filter>This Extension\Runtime</Filter>
    </ClCompile>
    <ClCompile Include="Actions.cpp">
      <Filter>This Extension\The Extension Class</Filter>
    </ClCompile>
    <ClCompile Include="Conditions.cpp">
      <Filter>This Extension\The Extension Class</Filter>
    </ClCompile>
    <ClCompile Include="Expressions.cpp">
      <Filter>This Extension\The Extension Class</Filter>
    </ClCompile>
    <ClCompile Include="Extension.cpp">
      <Filter>This Extension\The Extension Class</Filter>
    </ClCompile>
  </ItemGroup>
  <ItemGroup>
    <Library Include="..\..\Lib\mmfs2.5.lib">
      <Filter>Global to All Extensions\Fusion SDK</Filter>
    </Library>
  </ItemGroup>
  <ItemGroup>
    <None Include="Ext.json">
      <Filter>This Extension\Resource Files</Filter>
    </None>
    <None Include="Ext.def">
      <Filter>This Extension</Filter>
    </None>
  </ItemGroup>
  <ItemGroup>
    <ResourceCompile Include="Ext.rc">
      <Filter>This Extension\Resource Files</Filter>
    </ResourceCompile>
  </ItemGroup>
  <ItemGroup>
    <Image Include="Icon.png">
      <Filter>This Extension\Resource Files</Filter>
    </Image>
  </ItemGroup>
</Project>